Microsoft Visual Studio Solution File, Format Version 11.00
# Visual Studio 2008

Project("{949DB117-EB84-65D7-C956-5FCF4094B6F5}") = "CineCam", "Assembly-CSharp.csproj", "{68E3C1F0-8CEF-901E-8FF0-015BB9188687}"
EndProject
Project("{949DB117-EB84-65D7-C956-5FCF4094B6F5}") = "CineCam", "Assembly-CSharp-Editor.csproj", "{475A9D20-2C9B-8803-EE5C-AA0C9CC1A49E}"
EndProject
Project("{949DB117-EB84-65D7-C956-5FCF4094B6F5}") = "CineCam", "Assembly-UnityScript.unityproj", "{0C76D431-CA7B-7E41-0AE1-A1CAC8416592}"
EndProject
Global
	GlobalSection(SolutionConfigurationPlatforms) = preSolution
		Debug|Any CPU = Debug|Any CPU
		Release|Any CPU = Release|Any CPU
	EndGlobalSection
	GlobalSection(ProjectConfigurationPlatforms) = postSolution
		{68E3C1F0-8CEF-901E-8FF0-015BB9188687}.Debug|Any CPU.ActiveCfg = Debug|Any CPU
		{68E3C1F0-8CEF-901E-8FF0-015BB9188687}.Debug|Any CPU.Build.0 = Debug|Any CPU
		{68E3C1F0-8CEF-901E-8FF0-015BB9188687}.Release|Any CPU.ActiveCfg = Release|Any CPU
		{68E3C1F0-8CEF-901E-8FF0-015BB9188687}.Release|Any CPU.Build.0 = Release|Any CPU
		{475A9D20-2C9B-8803-EE5C-AA0C9CC1A49E}.Debug|Any CPU.ActiveCfg = Debug|Any CPU
		{475A9D20-2C9B-8803-EE5C-AA0C9CC1A49E}.Debug|Any CPU.Build.0 = Debug|Any CPU
		{475A9D20-2C9B-8803-EE5C-AA0C9CC1A49E}.Release|Any CPU.ActiveCfg = Release|Any CPU
		{475A9D20-2C9B-8803-EE5C-AA0C9CC1A49E}.Release|Any CPU.Build.0 = Release|Any CPU
		{0C76D431-CA7B-7E41-0AE1-A1CAC8416592}.Debug|Any CPU.ActiveCfg = Debug|Any CPU
		{0C76D431-CA7B-7E41-0AE1-A1CAC8416592}.Debug|Any CPU.Build.0 = Debug|Any CPU
		{0C76D431-CA7B-7E41-0AE1-A1CAC8416592}.Release|Any CPU.ActiveCfg = Release|Any CPU
		{0C76D431-CA7B-7E41-0AE1-A1CAC8416592}.Release|Any CPU.Build.0 = Release|Any CPU
	EndGlobalSection
	GlobalSection(SolutionProperties) = preSolution
		HideSolutionNode = FALSE
	EndGlobalSection
																																														GlobalSection(MonoDevelopProperties) = preSolution
		StartupItem = Assembly-CSharp.csproj
		Policies = $0
		$0.TextStylePolicy = $1
		$1.inheritsSet = null
		$1.scope = text/x-csharp
		$0.CSharpFormattingPolicy = $2
		$2.inheritsSet = Mono
		$2.inheritsScope = text/x-csharp
		$2.scope = text/x-csharp
		$0.TextStylePolicy = $3
		$3.FileWidth = 120
		$3.TabWidth = 4
		$3.EolMarker = Unix
		$3.inheritsSet = Mono
		$3.inheritsScope = text/plain
		$3.scope = text/plain
	EndGlobalSection

EndGlobal
